
Microsoft Visual Studio Solution File, Format Version 12.00
# Visual Studio Version 17
VisualStudioVersion = 17.14.36518.9
MinimumVisualStudioVersion = 10.0.40219.1
Project("{FAE04EC0-301F-11D3-BF4B-00C04F79EFBC}") = "Jrq.Ecommerce", "Jrq.Ecommerce.csproj", "{DF83794A-A209-4EED-A425-A755555F9978}"
EndProject
Project("{FAE04EC0-301F-11D3-BF4B-00C04F79EFBC}") = "Jrq.DataAccess", "Jrq.DataAccess\Jrq.DataAccess.csproj", "{A3C18227-6625-4A25-B0BC-82B50C07BE0E}"
EndProject
Project("{FAE04EC0-301F-11D3-BF4B-00C04F79EFBC}") = "Jrq.Models", "Jrq.Models\Jrq.Models.csproj", "{FE54FB79-D8FF-5F22-6552-16767965C78B}"
EndProject
Project("{FAE04EC0-301F-11D3-BF4B-00C04F79EFBC}") = "Jrq.Utility", "Jrq.Utility\Jrq.Utility.csproj", "{64A83133-6620-30ED-244B-48573D956B41}"
EndProject
Global
	GlobalSection(SolutionConfigurationPlatforms) = preSolution
		Debug|Any CPU = Debug|Any CPU
		Release|Any CPU = Release|Any CPU
	EndGlobalSection
	GlobalSection(ProjectConfigurationPlatforms) = postSolution
		{DF83794A-A209-4EED-A425-A755555F9978}.Debug|Any CPU.ActiveCfg = Debug|Any CPU
		{DF83794A-A209-4EED-A425-A755555F9978}.Debug|Any CPU.Build.0 = Debug|Any CPU
		{DF83794A-A209-4EED-A425-A755555F9978}.Release|Any CPU.ActiveCfg = Release|Any CPU
		{DF83794A-A209-4EED-A425-A755555F9978}.Release|Any CPU.Build.0 = Release|Any CPU
		{A3C18227-6625-4A25-B0BC-82B50C07BE0E}.Debug|Any CPU.ActiveCfg = Debug|Any CPU
		{A3C18227-6625-4A25-B0BC-82B50C07BE0E}.Debug|Any CPU.Build.0 = Debug|Any CPU
		{A3C18227-6625-4A25-B0BC-82B50C07BE0E}.Release|Any CPU.ActiveCfg = Release|Any CPU
		{A3C18227-6625-4A25-B0BC-82B50C07BE0E}.Release|Any CPU.Build.0 = Release|Any CPU
		{FE54FB79-D8FF-5F22-6552-16767965C78B}.Debug|Any CPU.ActiveCfg = Debug|Any CPU
		{FE54FB79-D8FF-5F22-6552-16767965C78B}.Debug|Any CPU.Build.0 = Debug|Any CPU
		{FE54FB79-D8FF-5F22-6552-16767965C78B}.Release|Any CPU.ActiveCfg = Release|Any CPU
		{FE54FB79-D8FF-5F22-6552-16767965C78B}.Release|Any CPU.Build.0 = Release|Any CPU
		{64A83133-6620-30ED-244B-48573D956B41}.Debug|Any CPU.ActiveCfg = Debug|Any CPU
		{64A83133-6620-30ED-244B-48573D956B41}.Debug|Any CPU.Build.0 = Debug|Any CPU
		{64A83133-6620-30ED-244B-48573D956B41}.Release|Any CPU.ActiveCfg = Release|Any CPU
		{64A83133-6620-30ED-244B-48573D956B41}.Release|Any CPU.Build.0 = Release|Any CPU
	EndGlobalSection
	GlobalSection(SolutionProperties) = preSolution
		HideSolutionNode = FALSE
	EndGlobalSection
	GlobalSection(ExtensibilityGlobals) = postSolution
		SolutionGuid = {122F78D0-1DEC-4CC1-8FDA-A32DFF80C59B}
	EndGlobalSection
EndGlobal
